
Microsoft Visual Studio Solution File, Format Version 12.00
# Visual Studio Version 16
VisualStudioVersion = 16.0.29609.76
MinimumVisualStudioVersion = 10.0.40219.1
Project("{FAE04EC0-301F-11D3-BF4B-00C04F79EFBC}") = "Task1_2ForCourses", "Task1_2ForCourses\Task1_2ForCourses.csproj", "{42B248B5-0B62-401E-BA89-454A86FA6AAD}"
EndProject
Global
	GlobalSection(SolutionConfigurationPlatforms) = preSolution
		Debug|Any CPU = Debug|Any CPU
		Release|Any CPU = Release|Any CPU
	EndGlobalSection
	GlobalSection(ProjectConfigurationPlatforms) = postSolution
		{42B248B5-0B62-401E-BA89-454A86FA6AAD}.Debug|Any CPU.ActiveCfg = Debug|Any CPU
		{42B248B5-0B62-401E-BA89-454A86FA6AAD}.Debug|Any CPU.Build.0 = Debug|Any CPU
		{42B248B5-0B62-401E-BA89-454A86FA6AAD}.Release|Any CPU.ActiveCfg = Release|Any CPU
		{42B248B5-0B62-401E-BA89-454A86FA6AAD}.Release|Any CPU.Build.0 = Release|Any CPU
	EndGlobalSection
	GlobalSection(SolutionProperties) = preSolution
		HideSolutionNode = FALSE
	EndGlobalSection
	GlobalSection(ExtensibilityGlobals) = postSolution
		SolutionGuid = {F5EA9B0E-EAA7-40F2-8681-563CF8D90A5E}
	EndGlobalSection
EndGlobal
